
Microsoft Visual Studio Solution File, Format Version 12.00
# Visual Studio 14
VisualStudioVersion = 14.0.25420.1
MinimumVisualStudioVersion = 10.0.40219.1
Project("{FAE04EC0-301F-11D3-BF4B-00C04F79EFBC}") = "NBA-Stats", "NBA-Stats\NBA-Stats.csproj", "{3C3650CA-CDAA-4DE6-B00E-989D15DB9CAB}"
EndProject
Project("{FAE04EC0-301F-11D3-BF4B-00C04F79EFBC}") = "NBAStatistics.Data", "NBAStatistics.Data\NBAStatistics.Data.csproj", "{FF3FC613-EE7C-4C63-88B3-E68579183526}"
EndProject
Project("{FAE04EC0-301F-11D3-BF4B-00C04F79EFBC}") = "NBAStatistics.Models", "NBAStatistics.Models\NBAStatistics.Models.csproj", "{83CA476F-C0EA-4CE9-9878-B38F5CCAAC28}"
EndProject
Project("{FAE04EC0-301F-11D3-BF4B-00C04F79EFBC}") = "NBAStatistics.Data.FillMongoDB", "NBAStatistics.Data.FillMongoDB\NBAStatistics.Data.FillMongoDB.csproj", "{6C2F92A4-FBFF-4E78-B5AC-FDEAF45D5219}"
EndProject
Project("{FAE04EC0-301F-11D3-BF4B-00C04F79EFBC}") = "NBAStatistics.Data.FillSQLiteDB", "NBAStatistics.Data.FillSQLiteDB\NBAStatistics.Data.FillSQLiteDB.csproj", "{CD81E9A4-2E77-41AA-B9CB-A2FEA9C3583C}"
EndProject
Project("{FAE04EC0-301F-11D3-BF4B-00C04F79EFBC}") = "NBAStatistics.Data.ImportIntoSqlServer", "NBAStatistics.Data.ImportIntoSqlServer\NBAStatistics.Data.ImportIntoSqlServer.csproj", "{B53178B9-E13E-47CD-9146-17994F9EC679}"
EndProject
Project("{FAE04EC0-301F-11D3-BF4B-00C04F79EFBC}") = "NBAStatistics.Reports", "NBAStatistics.Reports\NBAStatistics.Reports.csproj", "{D84A5EB5-5D73-4949-880A-191C84715BA2}"
EndProject
Project("{FAE04EC0-301F-11D3-BF4B-00C04F79EFBC}") = "NBAStatistics.Data.MySQL", "NBAStatistics.Data.MySQL\NBAStatistics.Data.MySQL.csproj", "{8B593D73-CF08-43B4-B274-B5903BE4C9F7}"
EndProject
Project("{2150E333-8FDC-42A3-9474-1A3956D46DE8}") = "Data", "Data", "{CC2EE9A7-D21B-420E-87DD-4D1A1BA86F4B}"
EndProject
Project("{2150E333-8FDC-42A3-9474-1A3956D46DE8}") = "Logic", "Logic", "{0DFA5295-0DCA-45D5-B47D-9B4F5935797D}"
EndProject
Project("{2150E333-8FDC-42A3-9474-1A3956D46DE8}") = "UI", "UI", "{2E41D9F3-5BDD-4BF5-964A-410A79B5F76B}"
EndProject
Project("{FAE04EC0-301F-11D3-BF4B-00C04F79EFBC}") = "NBAStatistics.Data.Repositories", "NBAStatistics.Data.Repositories\NBAStatistics.Data.Repositories.csproj", "{A2A74D60-AE93-45F5-8A5D-A39BAEB6B5A3}"
EndProject
Project("{FAE04EC0-301F-11D3-BF4B-00C04F79EFBC}") = "NBAStatistics.DataInputSeeders", "NBAStatistics.DataInputSeeders\NBAStatistics.DataInputSeeders.csproj", "{B3DB64E5-DF35-49D2-BC5B-CD13159D201F}"
EndProject
Global
	GlobalSection(SolutionConfigurationPlatforms) = preSolution
		Debug|Any CPU = Debug|Any CPU
		Release|Any CPU = Release|Any CPU
	EndGlobalSection
	GlobalSection(ProjectConfigurationPlatforms) = postSolution
		{3C3650CA-CDAA-4DE6-B00E-989D15DB9CAB}.Debug|Any CPU.ActiveCfg = Debug|Any CPU
		{3C3650CA-CDAA-4DE6-B00E-989D15DB9CAB}.Debug|Any CPU.Build.0 = Debug|Any CPU
		{3C3650CA-CDAA-4DE6-B00E-989D15DB9CAB}.Release|Any CPU.ActiveCfg = Release|Any CPU
		{3C3650CA-CDAA-4DE6-B00E-989D15DB9CAB}.Release|Any CPU.Build.0 = Release|Any CPU
		{FF3FC613-EE7C-4C63-88B3-E68579183526}.Debug|Any CPU.ActiveCfg = Debug|Any CPU
		{FF3FC613-EE7C-4C63-88B3-E68579183526}.Debug|Any CPU.Build.0 = Debug|Any CPU
		{FF3FC613-EE7C-4C63-88B3-E68579183526}.Release|Any CPU.ActiveCfg = Release|Any CPU
		{FF3FC613-EE7C-4C63-88B3-E68579183526}.Release|Any CPU.Build.0 = Release|Any CPU
		{83CA476F-C0EA-4CE9-9878-B38F5CCAAC28}.Debug|Any CPU.ActiveCfg = Debug|Any CPU
		{83CA476F-C0EA-4CE9-9878-B38F5CCAAC28}.Debug|Any CPU.Build.0 = Debug|Any CPU
		{83CA476F-C0EA-4CE9-9878-B38F5CCAAC28}.Release|Any CPU.ActiveCfg = Release|Any CPU
		{83CA476F-C0EA-4CE9-9878-B38F5CCAAC28}.Release|Any CPU.Build.0 = Release|Any CPU
		{6C2F92A4-FBFF-4E78-B5AC-FDEAF45D5219}.Debug|Any CPU.ActiveCfg = Debug|Any CPU
		{6C2F92A4-FBFF-4E78-B5AC-FDEAF45D5219}.Debug|Any CPU.Build.0 = Debug|Any CPU
		{6C2F92A4-FBFF-4E78-B5AC-FDEAF45D5219}.Release|Any CPU.ActiveCfg = Release|Any CPU
		{6C2F92A4-FBFF-4E78-B5AC-FDEAF45D5219}.Release|Any CPU.Build.0 = Release|Any CPU
		{CD81E9A4-2E77-41AA-B9CB-A2FEA9C3583C}.Debug|Any CPU.ActiveCfg = Debug|Any CPU
		{CD81E9A4-2E77-41AA-B9CB-A2FEA9C3583C}.Debug|Any CPU.Build.0 = Debug|Any CPU
		{CD81E9A4-2E77-41AA-B9CB-A2FEA9C3583C}.Release|Any CPU.ActiveCfg = Release|Any CPU
		{CD81E9A4-2E77-41AA-B9CB-A2FEA9C3583C}.Release|Any CPU.Build.0 = Release|Any CPU
		{B53178B9-E13E-47CD-9146-17994F9EC679}.Debug|Any CPU.ActiveCfg = Debug|Any CPU
		{B53178B9-E13E-47CD-9146-17994F9EC679}.Debug|Any CPU.Build.0 = Debug|Any CPU
		{B53178B9-E13E-47CD-9146-17994F9EC679}.Release|Any CPU.ActiveCfg = Release|Any CPU
		{B53178B9-E13E-47CD-9146-17994F9EC679}.Release|Any CPU.Build.0 = Release|Any CPU
		{D84A5EB5-5D73-4949-880A-191C84715BA2}.Debug|Any CPU.ActiveCfg = Debug|Any CPU
		{D84A5EB5-5D73-4949-880A-191C84715BA2}.Debug|Any CPU.Build.0 = Debug|Any CPU
		{D84A5EB5-5D73-4949-880A-191C84715BA2}.Release|Any CPU.ActiveCfg = Release|Any CPU
		{D84A5EB5-5D73-4949-880A-191C84715BA2}.Release|Any CPU.Build.0 = Release|Any CPU
		{8B593D73-CF08-43B4-B274-B5903BE4C9F7}.Debug|Any CPU.ActiveCfg = Debug|Any CPU
		{8B593D73-CF08-43B4-B274-B5903BE4C9F7}.Debug|Any CPU.Build.0 = Debug|Any CPU
		{8B593D73-CF08-43B4-B274-B5903BE4C9F7}.Release|Any CPU.ActiveCfg = Release|Any CPU
		{8B593D73-CF08-43B4-B274-B5903BE4C9F7}.Release|Any CPU.Build.0 = Release|Any CPU
		{A2A74D60-AE93-45F5-8A5D-A39BAEB6B5A3}.Debug|Any CPU.ActiveCfg = Debug|Any CPU
		{A2A74D60-AE93-45F5-8A5D-A39BAEB6B5A3}.Debug|Any CPU.Build.0 = Debug|Any CPU
		{A2A74D60-AE93-45F5-8A5D-A39BAEB6B5A3}.Release|Any CPU.ActiveCfg = Release|Any CPU
		{A2A74D60-AE93-45F5-8A5D-A39BAEB6B5A3}.Release|Any CPU.Build.0 = Release|Any CPU
		{B3DB64E5-DF35-49D2-BC5B-CD13159D201F}.Debug|Any CPU.ActiveCfg = Debug|Any CPU
		{B3DB64E5-DF35-49D2-BC5B-CD13159D201F}.Debug|Any CPU.Build.0 = Debug|Any CPU
		{B3DB64E5-DF35-49D2-BC5B-CD13159D201F}.Release|Any CPU.ActiveCfg = Release|Any CPU
		{B3DB64E5-DF35-49D2-BC5B-CD13159D201F}.Release|Any CPU.Build.0 = Release|Any CPU
	EndGlobalSection
	GlobalSection(SolutionProperties) = preSolution
		HideSolutionNode = FALSE
	EndGlobalSection
	GlobalSection(NestedProjects) = preSolution
		{3C3650CA-CDAA-4DE6-B00E-989D15DB9CAB} = {2E41D9F3-5BDD-4BF5-964A-410A79B5F76B}
		{FF3FC613-EE7C-4C63-88B3-E68579183526} = {CC2EE9A7-D21B-420E-87DD-4D1A1BA86F4B}
		{83CA476F-C0EA-4CE9-9878-B38F5CCAAC28} = {CC2EE9A7-D21B-420E-87DD-4D1A1BA86F4B}
		{6C2F92A4-FBFF-4E78-B5AC-FDEAF45D5219} = {CC2EE9A7-D21B-420E-87DD-4D1A1BA86F4B}
		{CD81E9A4-2E77-41AA-B9CB-A2FEA9C3583C} = {CC2EE9A7-D21B-420E-87DD-4D1A1BA86F4B}
		{B53178B9-E13E-47CD-9146-17994F9EC679} = {0DFA5295-0DCA-45D5-B47D-9B4F5935797D}
		{D84A5EB5-5D73-4949-880A-191C84715BA2} = {0DFA5295-0DCA-45D5-B47D-9B4F5935797D}
		{8B593D73-CF08-43B4-B274-B5903BE4C9F7} = {CC2EE9A7-D21B-420E-87DD-4D1A1BA86F4B}
		{A2A74D60-AE93-45F5-8A5D-A39BAEB6B5A3} = {CC2EE9A7-D21B-420E-87DD-4D1A1BA86F4B}
		{B3DB64E5-DF35-49D2-BC5B-CD13159D201F} = {0DFA5295-0DCA-45D5-B47D-9B4F5935797D}
	EndGlobalSection
EndGlobal
